
Microsoft Visual Studio Solution File, Format Version 12.00
# Visual Studio Version 17
VisualStudioVersion = 17.3.32825.248
MinimumVisualStudioVersion = 10.0.40219.1
Project("{FAE04EC0-301F-11D3-BF4B-00C04F79EFBC}") = "LD_API", "LD_API\LD_API.csproj", "{9182212F-F1E6-461D-82A6-EC854E64F92E}"
EndProject
Global
	GlobalSection(SolutionConfigurationPlatforms) = preSolution
		Debug|Any CPU = Debug|Any CPU
		Release|Any CPU = Release|Any CPU
	EndGlobalSection
	GlobalSection(ProjectConfigurationPlatforms) = postSolution
		{9182212F-F1E6-461D-82A6-EC854E64F92E}.Debug|Any CPU.ActiveCfg = Debug|Any CPU
		{9182212F-F1E6-461D-82A6-EC854E64F92E}.Debug|Any CPU.Build.0 = Debug|Any CPU
		{9182212F-F1E6-461D-82A6-EC854E64F92E}.Release|Any CPU.ActiveCfg = Release|Any CPU
		{9182212F-F1E6-461D-82A6-EC854E64F92E}.Release|Any CPU.Build.0 = Release|Any CPU
	EndGlobalSection
	GlobalSection(SolutionProperties) = preSolution
		HideSolutionNode = FALSE
	EndGlobalSection
	GlobalSection(ExtensibilityGlobals) = postSolution
		SolutionGuid = {B1C41208-5B8B-4885-9676-CA35BDD640D3}
	EndGlobalSection
EndGlobal
